// !$*UTF8*$!
{
	archiveVersion = 1;
	classes = {
	};
	objectVersion = 51;
	objects = {

/* Begin PBXBuildFile section */
		4644D28F2451431C006C0C36 /* Product.storyboard in Resources */ = {isa = PBXBuildFile; fileRef = 4644D28E2451431C006C0C36 /* Product.storyboard */; };
		4644D2952451D63F006C0C36 /* BorderButton.swift in Sources */ = {isa = PBXBuildFile; fileRef = 4644D2942451D63F006C0C36 /* BorderButton.swift */; };
		4644D2992451EE73006C0C36 /* PostProduct.swift in Sources */ = {isa = PBXBuildFile; fileRef = 4644D2982451EE73006C0C36 /* PostProduct.swift */; };
		4644D29B2451F564006C0C36 /* PostProductService.swift in Sources */ = {isa = PBXBuildFile; fileRef = 4644D29A2451F564006C0C36 /* PostProductService.swift */; };
		4644D29D2451F5B5006C0C36 /* GetProductsListService.swift in Sources */ = {isa = PBXBuildFile; fileRef = 4644D29C2451F5B5006C0C36 /* GetProductsListService.swift */; };
		4644D2A124521F58006C0C36 /* Marketservice.swift in Sources */ = {isa = PBXBuildFile; fileRef = 4644D2A024521F58006C0C36 /* Marketservice.swift */; };
		4644D2A324521F94006C0C36 /* Establishment.swift in Sources */ = {isa = PBXBuildFile; fileRef = 4644D2A224521F94006C0C36 /* Establishment.swift */; };
		4644D2A5245220D3006C0C36 /* MarketProtocol.swift in Sources */ = {isa = PBXBuildFile; fileRef = 4644D2A4245220D3006C0C36 /* MarketProtocol.swift */; };
		4644D2A724522BDB006C0C36 /* Payment.storyboard in Resources */ = {isa = PBXBuildFile; fileRef = 4644D2A624522BDB006C0C36 /* Payment.storyboard */; };
		4644D2AA24522C59006C0C36 /* PaymentViewController.swift in Sources */ = {isa = PBXBuildFile; fileRef = 4644D2A924522C59006C0C36 /* PaymentViewController.swift */; };
		4644D2AC2452323E006C0C36 /* PaymentResumeTableViewCell.swift in Sources */ = {isa = PBXBuildFile; fileRef = 4644D2AB2452323E006C0C36 /* PaymentResumeTableViewCell.swift */; };
		4644D2B42452651C006C0C36 /* GradientView.swift in Sources */ = {isa = PBXBuildFile; fileRef = 4644D2B32452651C006C0C36 /* GradientView.swift */; };
		4644D2BC2453A19C006C0C36 /* Session.swift in Sources */ = {isa = PBXBuildFile; fileRef = 4644D2BB2453A19C006C0C36 /* Session.swift */; };
		4644D2BE24579EE7006C0C36 /* ProductInfoViewController.swift in Sources */ = {isa = PBXBuildFile; fileRef = 4644D2BD24579EE7006C0C36 /* ProductInfoViewController.swift */; };
		466E859B2451224E0009D35F /* AppDelegate.swift in Sources */ = {isa = PBXBuildFile; fileRef = 466E859A2451224E0009D35F /* AppDelegate.swift */; };
		466E859D2451224E0009D35F /* SceneDelegate.swift in Sources */ = {isa = PBXBuildFile; fileRef = 466E859C2451224E0009D35F /* SceneDelegate.swift */; };
		466E859F2451224E0009D35F /* ViewController.swift in Sources */ = {isa = PBXBuildFile; fileRef = 466E859E2451224E0009D35F /* ViewController.swift */; };
		466E85A42451224F0009D35F /* Assets.xcassets in Resources */ = {isa = PBXBuildFile; fileRef = 466E85A32451224F0009D35F /* Assets.xcassets */; };
		466E85A72451224F0009D35F /* LaunchScreen.storyboard in Resources */ = {isa = PBXBuildFile; fileRef = 466E85A52451224F0009D35F /* LaunchScreen.storyboard */; };
		466E85B22451224F0009D35F /* MarketIosAppTests.swift in Sources */ = {isa = PBXBuildFile; fileRef = 466E85B12451224F0009D35F /* MarketIosAppTests.swift */; };
		466E85BD2451224F0009D35F /* MarketIosAppUITests.swift in Sources */ = {isa = PBXBuildFile; fileRef = 466E85BC2451224F0009D35F /* MarketIosAppUITests.swift */; };
		466E85CC245122EE0009D35F /* CartListViewController.swift in Sources */ = {isa = PBXBuildFile; fileRef = 466E85CB245122EE0009D35F /* CartListViewController.swift */; };
		466E85CF245123550009D35F /* CartListTableViewCell.swift in Sources */ = {isa = PBXBuildFile; fileRef = 466E85CE245123550009D35F /* CartListTableViewCell.swift */; };
		466E85D224512BC80009D35F /* Product.swift in Sources */ = {isa = PBXBuildFile; fileRef = 466E85D124512BC80009D35F /* Product.swift */; };
		466E85D524512CE10009D35F /* Network.swift in Sources */ = {isa = PBXBuildFile; fileRef = 466E85D424512CE10009D35F /* Network.swift */; };
		466E85D724512E7A0009D35F /* ProductListProtocol.swift in Sources */ = {isa = PBXBuildFile; fileRef = 466E85D624512E7A0009D35F /* ProductListProtocol.swift */; };
		466E85D9245134140009D35F /* Constants.swift in Sources */ = {isa = PBXBuildFile; fileRef = 466E85D8245134140009D35F /* Constants.swift */; };
		466E85DB245135470009D35F /* Products.swift in Sources */ = {isa = PBXBuildFile; fileRef = 466E85DA245135470009D35F /* Products.swift */; };
		466E85DD24513BDF0009D35F /* Main.storyboard in Resources */ = {isa = PBXBuildFile; fileRef = 466E85DC24513BDF0009D35F /* Main.storyboard */; };
		5D97E43C5E865F528D0C714C /* Pods_MarketIosApp_MarketIosAppUITests.framework in Frameworks */ = {isa = PBXBuildFile; fileRef = 658062D021CB2DAF4733DA5C /* Pods_MarketIosApp_MarketIosAppUITests.framework */; };
		6DCC30B14EDDA5066B150A1E /* Pods_MarketIosApp.framework in Frameworks */ = {isa = PBXBuildFile; fileRef = 8226BE09E4744E0B90695766 /* Pods_MarketIosApp.framework */; };
		CA894416C6F1FD6B304944BA /* Pods_MarketIosAppTests.framework in Frameworks */ = {isa = PBXBuildFile; fileRef = A53F1263B8E07BBF165CD015 /* Pods_MarketIosAppTests.framework */; };
/* End PBXBuildFile section */

/* Begin PBXContainerItemProxy section */
		466E85AE2451224F0009D35F /* PBXContainerItemProxy */ = {
			isa = PBXContainerItemProxy;
			containerPortal = 466E858F2451224E0009D35F /* Project object */;
			proxyType = 1;
			remoteGlobalIDString = 466E85962451224E0009D35F;
			remoteInfo = MarketIosApp;
		};
		466E85B92451224F0009D35F /* PBXContainerItemProxy */ = {
			isa = PBXContainerItemProxy;
			containerPortal = 466E858F2451224E0009D35F /* Project object */;
			proxyType = 1;
			remoteGlobalIDString = 466E85962451224E0009D35F;
			remoteInfo = MarketIosApp;
		};
/* End PBXContainerItemProxy section */

/* Begin PBXFileReference section */
		2CEBCF7D74D90D98402B8CA8 /* Pods-MarketIosAppTests.debug.xcconfig */ = {isa = PBXFileReference; includeInIndex = 1; lastKnownFileType = text.xcconfig; name = "Pods-MarketIosAppTests.debug.xcconfig"; path = "Target Support Files/Pods-MarketIosAppTests/Pods-MarketIosAppTests.debug.xcconfig"; sourceTree = "<group>"; };
		4644D28E2451431C006C0C36 /* Product.storyboard */ = {isa = PBXFileReference; lastKnownFileType = file.storyboard; path = Product.storyboard; sourceTree = "<group>"; };
		4644D2942451D63F006C0C36 /* BorderButton.swift */ = {isa = PBXFileReference; lastKnownFileType = sourcecode.swift; path = BorderButton.swift; sourceTree = "<group>"; };
		4644D2982451EE73006C0C36 /* PostProduct.swift */ = {isa = PBXFileReference; lastKnownFileType = sourcecode.swift; path = PostProduct.swift; sourceTree = "<group>"; };
		4644D29A2451F564006C0C36 /* PostProductService.swift */ = {isa = PBXFileReference; lastKnownFileType = sourcecode.swift; path = PostProductService.swift; sourceTree = "<group>"; };
		4644D29C2451F5B5006C0C36 /* GetProductsListService.swift */ = {isa = PBXFileReference; lastKnownFileType = sourcecode.swift; path = GetProductsListService.swift; sourceTree = "<group>"; };
		4644D2A024521F58006C0C36 /* Marketservice.swift */ = {isa = PBXFileReference; lastKnownFileType = sourcecode.swift; path = Marketservice.swift; sourceTree = "<group>"; };
		4644D2A224521F94006C0C36 /* Establishment.swift */ = {isa = PBXFileReference; lastKnownFileType = sourcecode.swift; path = Establishment.swift; sourceTree = "<group>"; };
		4644D2A4245220D3006C0C36 /* MarketProtocol.swift */ = {isa = PBXFileReference; lastKnownFileType = sourcecode.swift; path = MarketProtocol.swift; sourceTree = "<group>"; };
		4644D2A624522BDB006C0C36 /* Payment.storyboard */ = {isa = PBXFileReference; lastKnownFileType = file.storyboard; path = Payment.storyboard; sourceTree = "<group>"; };
		4644D2A924522C59006C0C36 /* PaymentViewController.swift */ = {isa = PBXFileReference; lastKnownFileType = sourcecode.swift; path = PaymentViewController.swift; sourceTree = "<group>"; };
		4644D2AB2452323E006C0C36 /* PaymentResumeTableViewCell.swift */ = {isa = PBXFileReference; lastKnownFileType = sourcecode.swift; path = PaymentResumeTableViewCell.swift; sourceTree = "<group>"; };
		4644D2B32452651C006C0C36 /* GradientView.swift */ = {isa = PBXFileReference; lastKnownFileType = sourcecode.swift; path = GradientView.swift; sourceTree = "<group>"; };
		4644D2BB2453A19C006C0C36 /* Session.swift */ = {isa = PBXFileReference; lastKnownFileType = sourcecode.swift; path = Session.swift; sourceTree = "<group>"; };
		4644D2BD24579EE7006C0C36 /* ProductInfoViewController.swift */ = {isa = PBXFileReference; lastKnownFileType = sourcecode.swift; path = ProductInfoViewController.swift; sourceTree = "<group>"; };
		466E85972451224E0009D35F /* MarketIosApp.app */ = {isa = PBXFileReference; explicitFileType = wrapper.application; includeInIndex = 0; path = MarketIosApp.app; sourceTree = BUILT_PRODUCTS_DIR; };
		466E859A2451224E0009D35F /* AppDelegate.swift */ = {isa = PBXFileReference; lastKnownFileType = sourcecode.swift; path = AppDelegate.swift; sourceTree = "<group>"; };
		466E859C2451224E0009D35F /* SceneDelegate.swift */ = {isa = PBXFileReference; lastKnownFileType = sourcecode.swift; path = SceneDelegate.swift; sourceTree = "<group>"; };
		466E859E2451224E0009D35F /* ViewController.swift */ = {isa = PBXFileReference; lastKnownFileType = sourcecode.swift; path = ViewController.swift; sourceTree = "<group>"; };
		466E85A32451224F0009D35F /* Assets.xcassets */ = {isa = PBXFileReference; lastKnownFileType = folder.assetcatalog; path = Assets.xcassets; sourceTree = "<group>"; };
		466E85A62451224F0009D35F /* Base */ = {isa = PBXFileReference; lastKnownFileType = file.storyboard; name = Base; path = Base.lproj/LaunchScreen.storyboard; sourceTree = "<group>"; };
		466E85A82451224F0009D35F /* Info.plist */ = {isa = PBXFileReference; lastKnownFileType = text.plist.xml; path = Info.plist; sourceTree = "<group>"; };
		466E85AD2451224F0009D35F /* MarketIosAppTests.xctest */ = {isa = PBXFileReference; explicitFileType = wrapper.cfbundle; includeInIndex = 0; path = MarketIosAppTests.xctest; sourceTree = BUILT_PRODUCTS_DIR; };
		466E85B12451224F0009D35F /* MarketIosAppTests.swift */ = {isa = PBXFileReference; lastKnownFileType = sourcecode.swift; path = MarketIosAppTests.swift; sourceTree = "<group>"; };
		466E85B32451224F0009D35F /* Info.plist */ = {isa = PBXFileReference; lastKnownFileType = text.plist.xml; path = Info.plist; sourceTree = "<group>"; };
		466E85B82451224F0009D35F /* MarketIosAppUITests.xctest */ = {isa = PBXFileReference; explicitFileType = wrapper.cfbundle; includeInIndex = 0; path = MarketIosAppUITests.xctest; sourceTree = BUILT_PRODUCTS_DIR; };
		466E85BC2451224F0009D35F /* MarketIosAppUITests.swift */ = {isa = PBXFileReference; lastKnownFileType = sourcecode.swift; path = MarketIosAppUITests.swift; sourceTree = "<group>"; };
		466E85BE2451224F0009D35F /* Info.plist */ = {isa = PBXFileReference; lastKnownFileType = text.plist.xml; path = Info.plist; sourceTree = "<group>"; };
		466E85CB245122EE0009D35F /* CartListViewController.swift */ = {isa = PBXFileReference; lastKnownFileType = sourcecode.swift; path = CartListViewController.swift; sourceTree = "<group>"; };
		466E85CE245123550009D35F /* CartListTableViewCell.swift */ = {isa = PBXFileReference; lastKnownFileType = sourcecode.swift; path = CartListTableViewCell.swift; sourceTree = "<group>"; };
		466E85D124512BC80009D35F /* Product.swift */ = {isa = PBXFileReference; lastKnownFileType = sourcecode.swift; path = Product.swift; sourceTree = "<group>"; };
		466E85D424512CE10009D35F /* Network.swift */ = {isa = PBXFileReference; lastKnownFileType = sourcecode.swift; path = Network.swift; sourceTree = "<group>"; };
		466E85D624512E7A0009D35F /* ProductListProtocol.swift */ = {isa = PBXFileReference; lastKnownFileType = sourcecode.swift; path = ProductListProtocol.swift; sourceTree = "<group>"; };
		466E85D8245134140009D35F /* Constants.swift */ = {isa = PBXFileReference; lastKnownFileType = sourcecode.swift; path = Constants.swift; sourceTree = "<group>"; };
		466E85DA245135470009D35F /* Products.swift */ = {isa = PBXFileReference; lastKnownFileType = sourcecode.swift; path = Products.swift; sourceTree = "<group>"; };
		466E85DC24513BDF0009D35F /* Main.storyboard */ = {isa = PBXFileReference; fileEncoding = 4; lastKnownFileType = file.storyboard; path = Main.storyboard; sourceTree = "<group>"; };
		5581AB07467DB1260A0B3907 /* Pods-MarketIosApp.debug.xcconfig */ = {isa = PBXFileReference; includeInIndex = 1; lastKnownFileType = text.xcconfig; name = "Pods-MarketIosApp.debug.xcconfig"; path = "Target Support Files/Pods-MarketIosApp/Pods-MarketIosApp.debug.xcconfig"; sourceTree = "<group>"; };
		5A383FE7BD9EE1A75181BF7F /* Pods-MarketIosAppTests.release.xcconfig */ = {isa = PBXFileReference; includeInIndex = 1; lastKnownFileType = text.xcconfig; name = "Pods-MarketIosAppTests.release.xcconfig"; path = "Target Support Files/Pods-MarketIosAppTests/Pods-MarketIosAppTests.release.xcconfig"; sourceTree = "<group>"; };
		658062D021CB2DAF4733DA5C /* Pods_MarketIosApp_MarketIosAppUITests.framework */ = {isa = PBXFileReference; explicitFileType = wrapper.framework; includeInIndex = 0; path = Pods_MarketIosApp_MarketIosAppUITests.framework; sourceTree = BUILT_PRODUCTS_DIR; };
		7EBF0EF2862F6F20911DA850 /* Pods-MarketIosApp-MarketIosAppUITests.debug.xcconfig */ = {isa = PBXFileReference; includeInIndex = 1; lastKnownFileType = text.xcconfig; name = "Pods-MarketIosApp-MarketIosAppUITests.debug.xcconfig"; path = "Target Support Files/Pods-MarketIosApp-MarketIosAppUITests/Pods-MarketIosApp-MarketIosAppUITests.debug.xcconfig"; sourceTree = "<group>"; };
		8226BE09E4744E0B90695766 /* Pods_MarketIosApp.framework */ = {isa = PBXFileReference; explicitFileType = wrapper.framework; includeInIndex = 0; path = Pods_MarketIosApp.framework; sourceTree = BUILT_PRODUCTS_DIR; };
		A3783FE52470673562076707 /* Pods-MarketIosApp.release.xcconfig */ = {isa = PBXFileReference; includeInIndex = 1; lastKnownFileType = text.xcconfig; name = "Pods-MarketIosApp.release.xcconfig"; path = "Target Support Files/Pods-MarketIosApp/Pods-MarketIosApp.release.xcconfig"; sourceTree = "<group>"; };
		A53F1263B8E07BBF165CD015 /* Pods_MarketIosAppTests.framework */ = {isa = PBXFileReference; explicitFileType = wrapper.framework; includeInIndex = 0; path = Pods_MarketIosAppTests.framework; sourceTree = BUILT_PRODUCTS_DIR; };
		AE8E52DE5B09EE80902E7765 /* Pods-MarketIosApp-MarketIosAppUITests.release.xcconfig */ = {isa = PBXFileReference; includeInIndex = 1; lastKnownFileType = text.xcconfig; name = "Pods-MarketIosApp-MarketIosAppUITests.release.xcconfig"; path = "Target Support Files/Pods-MarketIosApp-MarketIosAppUITests/Pods-MarketIosApp-MarketIosAppUITests.release.xcconfig"; sourceTree = "<group>"; };
/* End PBXFileReference section */

/* Begin PBXFrameworksBuildPhase section */
		466E85942451224E0009D35F /* Frameworks */ = {
			isa = PBXFrameworksBuildPhase;
			buildActionMask = 2147483647;
			files = (
				6DCC30B14EDDA5066B150A1E /* Pods_MarketIosApp.framework in Frameworks */,
			);
			runOnlyForDeploymentPostprocessing = 0;
		};
		466E85AA2451224F0009D35F /* Frameworks */ = {
			isa = PBXFrameworksBuildPhase;
			buildActionMask = 2147483647;
			files = (
				CA894416C6F1FD6B304944BA /* Pods_MarketIosAppTests.framework in Frameworks */,
			);
			runOnlyForDeploymentPostprocessing = 0;
		};
		466E85B52451224F0009D35F /* Frameworks */ = {
			isa = PBXFrameworksBuildPhase;
			buildActionMask = 2147483647;
			files = (
				5D97E43C5E865F528D0C714C /* Pods_MarketIosApp_MarketIosAppUITests.framework in Frameworks */,
			);
			runOnlyForDeploymentPostprocessing = 0;
		};
/* End PBXFrameworksBuildPhase section */

/* Begin PBXGroup section */
		0A6B710332925DF5BFB7CC73 /* Pods */ = {
			isa = PBXGroup;
			children = (
				5581AB07467DB1260A0B3907 /* Pods-MarketIosApp.debug.xcconfig */,
				A3783FE52470673562076707 /* Pods-MarketIosApp.release.xcconfig */,
				7EBF0EF2862F6F20911DA850 /* Pods-MarketIosApp-MarketIosAppUITests.debug.xcconfig */,
				AE8E52DE5B09EE80902E7765 /* Pods-MarketIosApp-MarketIosAppUITests.release.xcconfig */,
				2CEBCF7D74D90D98402B8CA8 /* Pods-MarketIosAppTests.debug.xcconfig */,
				5A383FE7BD9EE1A75181BF7F /* Pods-MarketIosAppTests.release.xcconfig */,
			);
			path = Pods;
			sourceTree = "<group>";
		};
		4644D29024514331006C0C36 /* AddProduct */ = {
			isa = PBXGroup;
			children = (
				4644D2BD24579EE7006C0C36 /* ProductInfoViewController.swift */,
			);
			path = AddProduct;
			sourceTree = "<group>";
		};
		4644D2932451D633006C0C36 /* Component */ = {
			isa = PBXGroup;
			children = (
				4644D2942451D63F006C0C36 /* BorderButton.swift */,
				4644D2B32452651C006C0C36 /* GradientView.swift */,
			);
			path = Component;
			sourceTree = "<group>";
		};
		4644D2962451EE4D006C0C36 /* GetList */ = {
			isa = PBXGroup;
			children = (
				466E85D624512E7A0009D35F /* ProductListProtocol.swift */,
				4644D29C2451F5B5006C0C36 /* GetProductsListService.swift */,
			);
			path = GetList;
			sourceTree = "<group>";
		};
		4644D2972451EE5A006C0C36 /* Product */ = {
			isa = PBXGroup;
			children = (
				4644D2962451EE4D006C0C36 /* GetList */,
				4644D29F24521999006C0C36 /* PostList */,
			);
			path = Product;
			sourceTree = "<group>";
		};
		4644D29E2452195E006C0C36 /* Market */ = {
			isa = PBXGroup;
			children = (
				4644D2A024521F58006C0C36 /* Marketservice.swift */,
				4644D2A4245220D3006C0C36 /* MarketProtocol.swift */,
			);
			path = Market;
			sourceTree = "<group>";
		};
		4644D29F24521999006C0C36 /* PostList */ = {
			isa = PBXGroup;
			children = (
				4644D2982451EE73006C0C36 /* PostProduct.swift */,
				4644D29A2451F564006C0C36 /* PostProductService.swift */,
			);
			path = PostList;
			sourceTree = "<group>";
		};
		4644D2A824522C4C006C0C36 /* Payment */ = {
			isa = PBXGroup;
			children = (
				4644D2A924522C59006C0C36 /* PaymentViewController.swift */,
				4644D2AB2452323E006C0C36 /* PaymentResumeTableViewCell.swift */,
			);
			path = Payment;
			sourceTree = "<group>";
		};
		4644D2BA2453A192006C0C36 /* Helper */ = {
			isa = PBXGroup;
			children = (
				4644D2BB2453A19C006C0C36 /* Session.swift */,
			);
			path = Helper;
			sourceTree = "<group>";
		};
		466E858E2451224E0009D35F = {
			isa = PBXGroup;
			children = (
				466E85992451224E0009D35F /* MarketIosApp */,
				466E85B02451224F0009D35F /* MarketIosAppTests */,
				466E85BB2451224F0009D35F /* MarketIosAppUITests */,
				466E85982451224E0009D35F /* Products */,
				0A6B710332925DF5BFB7CC73 /* Pods */,
				532D1B003ED1F4C81E7ECF3E /* Frameworks */,
			);
			sourceTree = "<group>";
		};
		466E85982451224E0009D35F /* Products */ = {
			isa = PBXGroup;
			children = (
				466E85972451224E0009D35F /* MarketIosApp.app */,
				466E85AD2451224F0009D35F /* MarketIosAppTests.xctest */,
				466E85B82451224F0009D35F /* MarketIosAppUITests.xctest */,
			);
			name = Products;
			sourceTree = "<group>";
		};
		466E85992451224E0009D35F /* MarketIosApp */ = {
			isa = PBXGroup;
			children = (
				4644D2BA2453A192006C0C36 /* Helper */,
				4644D2932451D633006C0C36 /* Component */,
				466E85DF24513CA80009D35F /* Application */,
				466E85D324512CD70009D35F /* Network */,
				466E85D024512BBA0009D35F /* Model */,
				466E85CA245122C10009D35F /* Scenes */,
				466E85DE24513C900009D35F /* Storyboard */,
				466E85A32451224F0009D35F /* Assets.xcassets */,
				466E85A82451224F0009D35F /* Info.plist */,
			);
			path = MarketIosApp;
			sourceTree = "<group>";
		};
		466E85B02451224F0009D35F /* MarketIosAppTests */ = {
			isa = PBXGroup;
			children = (
				466E85B12451224F0009D35F /* MarketIosAppTests.swift */,
				466E85B32451224F0009D35F /* Info.plist */,
			);
			path = MarketIosAppTests;
			sourceTree = "<group>";
		};
		466E85BB2451224F0009D35F /* MarketIosAppUITests */ = {
			isa = PBXGroup;
			children = (
				466E85BC2451224F0009D35F /* MarketIosAppUITests.swift */,
				466E85BE2451224F0009D35F /* Info.plist */,
			);
			path = MarketIosAppUITests;
			sourceTree = "<group>";
		};
		466E85CA245122C10009D35F /* Scenes */ = {
			isa = PBXGroup;
			children = (
				4644D2A824522C4C006C0C36 /* Payment */,
				4644D29024514331006C0C36 /* AddProduct */,
				466E85E124513CC40009D35F /* CartList */,
				466E85E024513CB50009D35F /* Main */,
			);
			path = Scenes;
			sourceTree = "<group>";
		};
		466E85D024512BBA0009D35F /* Model */ = {
			isa = PBXGroup;
			children = (
				466E85D124512BC80009D35F /* Product.swift */,
				466E85DA245135470009D35F /* Products.swift */,
				4644D2A224521F94006C0C36 /* Establishment.swift */,
			);
			path = Model;
			sourceTree = "<group>";
		};
		466E85D324512CD70009D35F /* Network */ = {
			isa = PBXGroup;
			children = (
				4644D29E2452195E006C0C36 /* Market */,
				4644D2972451EE5A006C0C36 /* Product */,
				466E85D424512CE10009D35F /* Network.swift */,
				466E85D8245134140009D35F /* Constants.swift */,
			);
			path = Network;
			sourceTree = "<group>";
		};
		466E85DE24513C900009D35F /* Storyboard */ = {
			isa = PBXGroup;
			children = (
				466E85A52451224F0009D35F /* LaunchScreen.storyboard */,
				466E85DC24513BDF0009D35F /* Main.storyboard */,
				4644D28E2451431C006C0C36 /* Product.storyboard */,
				4644D2A624522BDB006C0C36 /* Payment.storyboard */,
			);
			path = Storyboard;
			sourceTree = "<group>";
		};
		466E85DF24513CA80009D35F /* Application */ = {
			isa = PBXGroup;
			children = (
				466E859C2451224E0009D35F /* SceneDelegate.swift */,
				466E859A2451224E0009D35F /* AppDelegate.swift */,
			);
			path = Application;
			sourceTree = "<group>";
		};
		466E85E024513CB50009D35F /* Main */ = {
			isa = PBXGroup;
			children = (
				466E859E2451224E0009D35F /* ViewController.swift */,
			);
			path = Main;
			sourceTree = "<group>";
		};
		466E85E124513CC40009D35F /* CartList */ = {
			isa = PBXGroup;
			children = (
				466E85CE245123550009D35F /* CartListTableViewCell.swift */,
				466E85CB245122EE0009D35F /* CartListViewController.swift */,
			);
			path = CartList;
			sourceTree = "<group>";
		};
		532D1B003ED1F4C81E7ECF3E /* Frameworks */ = {
			isa = PBXGroup;
			children = (
				8226BE09E4744E0B90695766 /* Pods_MarketIosApp.framework */,
				658062D021CB2DAF4733DA5C /* Pods_MarketIosApp_MarketIosAppUITests.framework */,
				A53F1263B8E07BBF165CD015 /* Pods_MarketIosAppTests.framework */,
			);
			name = Frameworks;
			sourceTree = "<group>";
		};
/* End PBXGroup section */

/* Begin PBXNativeTarget section */
		466E85962451224E0009D35F /* MarketIosApp */ = {
			isa = PBXNativeTarget;
			buildConfigurationList = 466E85C12451224F0009D35F /* Build configuration list for PBXNativeTarget "MarketIosApp" */;
			buildPhases = (
				0EFBC4CF3F62F9DAAC2D0832 /* [CP] Check Pods Manifest.lock */,
				466E85932451224E0009D35F /* Sources */,
				466E85942451224E0009D35F /* Frameworks */,
				466E85952451224E0009D35F /* Resources */,
				9D6BEFEAE95A92334DF59405 /* [CP] Embed Pods Frameworks */,
			);
			buildRules = (
			);
			dependencies = (
			);
			name = MarketIosApp;
			productName = MarketIosApp;
			productReference = 466E85972451224E0009D35F /* MarketIosApp.app */;
			productType = "com.apple.product-type.application";
		};
		466E85AC2451224F0009D35F /* MarketIosAppTests */ = {
			isa = PBXNativeTarget;
			buildConfigurationList = 466E85C42451224F0009D35F /* Build configuration list for PBXNativeTarget "MarketIosAppTests" */;
			buildPhases = (
				AB7F07EE9C7F82CCD5F74FD7 /* [CP] Check Pods Manifest.lock */,
				466E85A92451224F0009D35F /* Sources */,
				466E85AA2451224F0009D35F /* Frameworks */,
				466E85AB2451224F0009D35F /* Resources */,
			);
			buildRules = (
			);
			dependencies = (
				466E85AF2451224F0009D35F /* PBXTargetDependency */,
			);
			name = MarketIosAppTests;
			productName = MarketIosAppTests;
			productReference = 466E85AD2451224F0009D35F /* MarketIosAppTests.xctest */;
			productType = "com.apple.product-type.bundle.unit-test";
		};
		466E85B72451224F0009D35F /* MarketIosAppUITests */ = {
			isa = PBXNativeTarget;
			buildConfigurationList = 466E85C72451224F0009D35F /* Build configuration list for PBXNativeTarget "MarketIosAppUITests" */;
			buildPhases = (
				0D8E5285570F8D78B5F2150F /* [CP] Check Pods Manifest.lock */,
				466E85B42451224F0009D35F /* Sources */,
				466E85B52451224F0009D35F /* Frameworks */,
				466E85B62451224F0009D35F /* Resources */,
				AB897EF30BFC807C663AC104 /* [CP] Embed Pods Frameworks */,
			);
			buildRules = (
			);
			dependencies = (
				466E85BA2451224F0009D35F /* PBXTargetDependency */,
			);
			name = MarketIosAppUITests;
			productName = MarketIosAppUITests;
			productReference = 466E85B82451224F0009D35F /* MarketIosAppUITests.xctest */;
			productType = "com.apple.product-type.bundle.ui-testing";
		};
/* End PBXNativeTarget section */

/* Begin PBXProject section */
		466E858F2451224E0009D35F /* Project object */ = {
			isa = PBXProject;
			attributes = {
				LastSwiftUpdateCheck = 1130;
				LastUpgradeCheck = 1130;
				ORGANIZATIONNAME = "Guilherme Deconto";
				TargetAttributes = {
					466E85962451224E0009D35F = {
						CreatedOnToolsVersion = 11.3.1;
					};
					466E85AC2451224F0009D35F = {
						CreatedOnToolsVersion = 11.3.1;
						TestTargetID = 466E85962451224E0009D35F;
					};
					466E85B72451224F0009D35F = {
						CreatedOnToolsVersion = 11.3.1;
						TestTargetID = 466E85962451224E0009D35F;
					};
				};
			};
			buildConfigurationList = 466E85922451224E0009D35F /* Build configuration list for PBXProject "MarketIosApp" */;
			compatibilityVersion = "Xcode 9.3";
			developmentRegion = en;
			hasScannedForEncodings = 0;
			knownRegions = (
				en,
				Base,
			);
			mainGroup = 466E858E2451224E0009D35F;
			productRefGroup = 466E85982451224E0009D35F /* Products */;
			projectDirPath = "";
			projectRoot = "";
			targets = (
				466E85962451224E0009D35F /* MarketIosApp */,
				466E85AC2451224F0009D35F /* MarketIosAppTests */,
				466E85B72451224F0009D35F /* MarketIosAppUITests */,
			);
		};
/* End PBXProject section */

/* Begin PBXResourcesBuildPhase section */
		466E85952451224E0009D35F /* Resources */ = {
			isa = PBXResourcesBuildPhase;
			buildActionMask = 2147483647;
			files = (
				466E85DD24513BDF0009D35F /* Main.storyboard in Resources */,
				4644D2A724522BDB006C0C36 /* Payment.storyboard in Resources */,
				466E85A72451224F0009D35F /* LaunchScreen.storyboard in Resources */,
				4644D28F2451431C006C0C36 /* Product.storyboard in Resources */,
				466E85A42451224F0009D35F /* Assets.xcassets in Resources */,
			);
			runOnlyForDeploymentPostprocessing = 0;
		};
		466E85AB2451224F0009D35F /* Resources */ = {
			isa = PBXResourcesBuildPhase;
			buildActionMask = 2147483647;
			files = (
			);
			runOnlyForDeploymentPostprocessing = 0;
		};
		466E85B62451224F0009D35F /* Resources */ = {
			isa = PBXResourcesBuildPhase;
			buildActionMask = 2147483647;
			files = (
			);
			runOnlyForDeploymentPostprocessing = 0;
		};
/* End PBXResourcesBuildPhase section */

/* Begin PBXShellScriptBuildPhase section */
		0D8E5285570F8D78B5F2150F /* [CP] Check Pods Manifest.lock */ = {
			isa = PBXShellScriptBuildPhase;
			buildActionMask = 2147483647;
			files = (
			);
			inputFileListPaths = (
			);
			inputPaths = (
				"${PODS_PODFILE_DIR_PATH}/Podfile.lock",
				"${PODS_ROOT}/Manifest.lock",
			);
			name = "[CP] Check Pods Manifest.lock";
			outputFileListPaths = (
			);
			outputPaths = (
				"$(DERIVED_FILE_DIR)/Pods-MarketIosApp-MarketIosAppUITests-checkManifestLockResult.txt",
			);
			runOnlyForDeploymentPostprocessing = 0;
			shellPath = /bin/sh;
			shellScript = "diff \"${PODS_PODFILE_DIR_PATH}/Podfile.lock\" \"${PODS_ROOT}/Manifest.lock\" > /dev/null\nif [ $? != 0 ] ; then\n    # print error to STDERR\n    echo \"error: The sandbox is not in sync with the Podfile.lock. Run 'pod install' or update your CocoaPods installation.\" >&2\n    exit 1\nfi\n# This output is used by Xcode 'outputs' to avoid re-running this script phase.\necho \"SUCCESS\" > \"${SCRIPT_OUTPUT_FILE_0}\"\n";
			showEnvVarsInLog = 0;
		};
		0EFBC4CF3F62F9DAAC2D0832 /* [CP] Check Pods Manifest.lock */ = {
			isa = PBXShellScriptBuildPhase;
			buildActionMask = 2147483647;
			files = (
			);
			inputFileListPaths = (
			);
			inputPaths = (
				"${PODS_PODFILE_DIR_PATH}/Podfile.lock",
				"${PODS_ROOT}/Manifest.lock",
			);
			name = "[CP] Check Pods Manifest.lock";
			outputFileListPaths = (
			);
			outputPaths = (
				"$(DERIVED_FILE_DIR)/Pods-MarketIosApp-checkManifestLockResult.txt",
			);
			runOnlyForDeploymentPostprocessing = 0;
			shellPath = /bin/sh;
			shellScript = "diff \"${PODS_PODFILE_DIR_PATH}/Podfile.lock\" \"${PODS_ROOT}/Manifest.lock\" > /dev/null\nif [ $? != 0 ] ; then\n    # print error to STDERR\n    echo \"error: The sandbox is not in sync with the Podfile.lock. Run 'pod install' or update your CocoaPods installation.\" >&2\n    exit 1\nfi\n# This output is used by Xcode 'outputs' to avoid re-running this script phase.\necho \"SUCCESS\" > \"${SCRIPT_OUTPUT_FILE_0}\"\n";
			showEnvVarsInLog = 0;
		};
		9D6BEFEAE95A92334DF59405 /* [CP] Embed Pods Frameworks */ = {
			isa = PBXShellScriptBuildPhase;
			buildActionMask = 2147483647;
			files = (
			);
			inputFileListPaths = (
				"${PODS_ROOT}/Target Support Files/Pods-MarketIosApp/Pods-MarketIosApp-frameworks-${CONFIGURATION}-input-files.xcfilelist",
			);
			name = "[CP] Embed Pods Frameworks";
			outputFileListPaths = (
				"${PODS_ROOT}/Target Support Files/Pods-MarketIosApp/Pods-MarketIosApp-frameworks-${CONFIGURATION}-output-files.xcfilelist",
			);
			runOnlyForDeploymentPostprocessing = 0;
			shellPath = /bin/sh;
			shellScript = "\"${PODS_ROOT}/Target Support Files/Pods-MarketIosApp/Pods-MarketIosApp-frameworks.sh\"\n";
			showEnvVarsInLog = 0;
		};
		AB7F07EE9C7F82CCD5F74FD7 /* [CP] Check Pods Manifest.lock */ = {
			isa = PBXShellScriptBuildPhase;
			buildActionMask = 2147483647;
			files = (
			);
			inputFileListPaths = (
			);
			inputPaths = (
				"${PODS_PODFILE_DIR_PATH}/Podfile.lock",
				"${PODS_ROOT}/Manifest.lock",
			);
			name = "[CP] Check Pods Manifest.lock";
			outputFileListPaths = (
			);
			outputPaths = (
				"$(DERIVED_FILE_DIR)/Pods-MarketIosAppTests-checkManifestLockResult.txt",
			);
			runOnlyForDeploymentPostprocessing = 0;
			shellPath = /bin/sh;
			shellScript = "diff \"${PODS_PODFILE_DIR_PATH}/Podfile.lock\" \"${PODS_ROOT}/Manifest.lock\" > /dev/null\nif [ $? != 0 ] ; then\n    # print error to STDERR\n    echo \"error: The sandbox is not in sync with the Podfile.lock. Run 'pod install' or update your CocoaPods installation.\" >&2\n    exit 1\nfi\n# This output is used by Xcode 'outputs' to avoid re-running this script phase.\necho \"SUCCESS\" > \"${SCRIPT_OUTPUT_FILE_0}\"\n";
			showEnvVarsInLog = 0;
		};
		AB897EF30BFC807C663AC104 /* [CP] Embed Pods Frameworks */ = {
			isa = PBXShellScriptBuildPhase;
			buildActionMask = 2147483647;
			files = (
			);
			inputFileListPaths = (
				"${PODS_ROOT}/Target Support Files/Pods-MarketIosApp-MarketIosAppUITests/Pods-MarketIosApp-MarketIosAppUITests-frameworks-${CONFIGURATION}-input-files.xcfilelist",
			);
			name = "[CP] Embed Pods Frameworks";
			outputFileListPaths = (
				"${PODS_ROOT}/Target Support Files/Pods-MarketIosApp-MarketIosAppUITests/Pods-MarketIosApp-MarketIosAppUITests-frameworks-${CONFIGURATION}-output-files.xcfilelist",
			);
			runOnlyForDeploymentPostprocessing = 0;
			shellPath = /bin/sh;
			shellScript = "\"${PODS_ROOT}/Target Support Files/Pods-MarketIosApp-MarketIosAppUITests/Pods-MarketIosApp-MarketIosAppUITests-frameworks.sh\"\n";
			showEnvVarsInLog = 0;
		};
/* End PBXShellScriptBuildPhase section */

/* Begin PBXSourcesBuildPhase section */
		466E85932451224E0009D35F /* Sources */ = {
			isa = PBXSourcesBuildPhase;
			buildActionMask = 2147483647;
			files = (
				4644D2A124521F58006C0C36 /* Marketservice.swift in Sources */,
				4644D2B42452651C006C0C36 /* GradientView.swift in Sources */,
				4644D2AA24522C59006C0C36 /* PaymentViewController.swift in Sources */,
				466E85CC245122EE0009D35F /* CartListViewController.swift in Sources */,
				466E859F2451224E0009D35F /* ViewController.swift in Sources */,
				466E85CF245123550009D35F /* CartListTableViewCell.swift in Sources */,
				4644D2BE24579EE7006C0C36 /* ProductInfoViewController.swift in Sources */,
				4644D2AC2452323E006C0C36 /* PaymentResumeTableViewCell.swift in Sources */,
				4644D2A324521F94006C0C36 /* Establishment.swift in Sources */,
				4644D2BC2453A19C006C0C36 /* Session.swift in Sources */,
				466E85D724512E7A0009D35F /* ProductListProtocol.swift in Sources */,
				466E859B2451224E0009D35F /* AppDelegate.swift in Sources */,
				466E85DB245135470009D35F /* Products.swift in Sources */,
				4644D29B2451F564006C0C36 /* PostProductService.swift in Sources */,
				466E859D2451224E0009D35F /* SceneDelegate.swift in Sources */,
				466E85D524512CE10009D35F /* Network.swift in Sources */,
				466E85D224512BC80009D35F /* Product.swift in Sources */,
				4644D29D2451F5B5006C0C36 /* GetProductsListService.swift in Sources */,
				466E85D9245134140009D35F /* Constants.swift in Sources */,
				4644D2A5245220D3006C0C36 /* MarketProtocol.swift in Sources */,
				4644D2952451D63F006C0C36 /* BorderButton.swift in Sources */,
				4644D2992451EE73006C0C36 /* PostProduct.swift in Sources */,
			);
			runOnlyForDeploymentPostprocessing = 0;
		};
		466E85A92451224F0009D35F /* Sources */ = {
			isa = PBXSourcesBuildPhase;
			buildActionMask = 2147483647;
			files = (
				466E85B22451224F0009D35F /* MarketIosAppTests.swift in Sources */,
			);
			runOnlyForDeploymentPostprocessing = 0;
		};
		466E85B42451224F0009D35F /* Sources */ = {
			isa = PBXSourcesBuildPhase;
			buildActionMask = 2147483647;
			files = (
				466E85BD2451224F0009D35F /* MarketIosAppUITests.swift in Sources */,
			);
			runOnlyForDeploymentPostprocessing = 0;
		};
/* End PBXSourcesBuildPhase section */

/* Begin PBXTargetDependency section */
		466E85AF2451224F0009D35F /* PBXTargetDependency */ = {
			isa = PBXTargetDependency;
			target = 466E85962451224E0009D35F /* MarketIosApp */;
			targetProxy = 466E85AE2451224F0009D35F /* PBXContainerItemProxy */;
		};
		466E85BA2451224F0009D35F /* PBXTargetDependency */ = {
			isa = PBXTargetDependency;
			target = 466E85962451224E0009D35F /* MarketIosApp */;
			targetProxy = 466E85B92451224F0009D35F /* PBXContainerItemProxy */;
		};
/* End PBXTargetDependency section */

/* Begin PBXVariantGroup section */
		466E85A52451224F0009D35F /* LaunchScreen.storyboard */ = {
			isa = PBXVariantGroup;
			children = (
				466E85A62451224F0009D35F /* Base */,
			);
			name = LaunchScreen.storyboard;
			sourceTree = "<group>";
		};
/* End PBXVariantGroup section */

/* Begin XCBuildConfiguration section */
		466E85BF2451224F0009D35F /* Debug */ = {
			isa = XCBuildConfiguration;
			buildSettings = {
				ALWAYS_SEARCH_USER_PATHS = NO;
				CLANG_ANALYZER_NONNULL = YES;
				CLANG_ANALYZER_NUMBER_OBJECT_CONVERSION = YES_AGGRESSIVE;
				CLANG_CXX_LANGUAGE_STANDARD = "gnu++14";
				CLANG_CXX_LIBRARY = "libc++";
				CLANG_ENABLE_MODULES = YES;
				CLANG_ENABLE_OBJC_ARC = YES;
				CLANG_ENABLE_OBJC_WEAK = YES;
				CLANG_WARN_BLOCK_CAPTURE_AUTORELEASING = YES;
				CLANG_WARN_BOOL_CONVERSION = YES;
				CLANG_WARN_COMMA = YES;
				CLANG_WARN_CONSTANT_CONVERSION = YES;
				CLANG_WARN_DEPRECATED_OBJC_IMPLEMENTATIONS = YES;
				CLANG_WARN_DIRECT_OBJC_ISA_USAGE = YES_ERROR;
				CLANG_WARN_DOCUMENTATION_COMMENTS = YES;
				CLANG_WARN_EMPTY_BODY = YES;
				CLANG_WARN_ENUM_CONVERSION = YES;
				CLANG_WARN_INFINITE_RECURSION = YES;
				CLANG_WARN_INT_CONVERSION = YES;
				CLANG_WARN_NON_LITERAL_NULL_CONVERSION = YES;
				CLANG_WARN_OBJC_IMPLICIT_RETAIN_SELF = YES;
				CLANG_WARN_OBJC_LITERAL_CONVERSION = YES;
				CLANG_WARN_OBJC_ROOT_CLASS = YES_ERROR;
				CLANG_WARN_RANGE_LOOP_ANALYSIS = YES;
				CLANG_WARN_STRICT_PROTOTYPES = YES;
				CLANG_WARN_SUSPICIOUS_MOVE = YES;
				CLANG_WARN_UNGUARDED_AVAILABILITY = YES_AGGRESSIVE;
				CLANG_WARN_UNREACHABLE_CODE = YES;
				CLANG_WARN__DUPLICATE_METHOD_MATCH = YES;
				COPY_PHASE_STRIP = NO;
				DEBUG_INFORMATION_FORMAT = dwarf;
				ENABLE_STRICT_OBJC_MSGSEND = YES;
				ENABLE_TESTABILITY = YES;
				GCC_C_LANGUAGE_STANDARD = gnu11;
				GCC_DYNAMIC_NO_PIC = NO;
				GCC_NO_COMMON_BLOCKS = YES;
				GCC_OPTIMIZATION_LEVEL = 0;
				GCC_PREPROCESSOR_DEFINITIONS = (
					"DEBUG=1",
					"$(inherited)",
				);
				GCC_WARN_64_TO_32_BIT_CONVERSION = YES;
				GCC_WARN_ABOUT_RETURN_TYPE = YES_ERROR;
				GCC_WARN_UNDECLARED_SELECTOR = YES;
				GCC_WARN_UNINITIALIZED_AUTOS = YES_AGGRESSIVE;
				GCC_WARN_UNUSED_FUNCTION = YES;
				GCC_WARN_UNUSED_VARIABLE = YES;
				IPHONEOS_DEPLOYMENT_TARGET = 13.2;
				MTL_ENABLE_DEBUG_INFO = INCLUDE_SOURCE;
				MTL_FAST_MATH = YES;
				ONLY_ACTIVE_ARCH = YES;
				SDKROOT = iphoneos;
				SWIFT_ACTIVE_COMPILATION_CONDITIONS = DEBUG;
				SWIFT_OPTIMIZATION_LEVEL = "-Onone";
			};
			name = Debug;
		};
		466E85C02451224F0009D35F /* Release */ = {
			isa = XCBuildConfiguration;
			buildSettings = {
				ALWAYS_SEARCH_USER_PATHS = NO;
				CLANG_ANALYZER_NONNULL = YES;
				CLANG_ANALYZER_NUMBER_OBJECT_CONVERSION = YES_AGGRESSIVE;
				CLANG_CXX_LANGUAGE_STANDARD = "gnu++14";
				CLANG_CXX_LIBRARY = "libc++";
				CLANG_ENABLE_MODULES = YES;
				CLANG_ENABLE_OBJC_ARC = YES;
				CLANG_ENABLE_OBJC_WEAK = YES;
				CLANG_WARN_BLOCK_CAPTURE_AUTORELEASING = YES;
				CLANG_WARN_BOOL_CONVERSION = YES;
				CLANG_WARN_COMMA = YES;
				CLANG_WARN_CONSTANT_CONVERSION = YES;
				CLANG_WARN_DEPRECATED_OBJC_IMPLEMENTATIONS = YES;
				CLANG_WARN_DIRECT_OBJC_ISA_USAGE = YES_ERROR;
				CLANG_WARN_DOCUMENTATION_COMMENTS = YES;
				CLANG_WARN_EMPTY_BODY = YES;
				CLANG_WARN_ENUM_CONVERSION = YES;
				CLANG_WARN_INFINITE_RECURSION = YES;
				CLANG_WARN_INT_CONVERSION = YES;
				CLANG_WARN_NON_LITERAL_NULL_CONVERSION = YES;
				CLANG_WARN_OBJC_IMPLICIT_RETAIN_SELF = YES;
				CLANG_WARN_OBJC_LITERAL_CONVERSION = YES;
				CLANG_WARN_OBJC_ROOT_CLASS = YES_ERROR;
				CLANG_WARN_RANGE_LOOP_ANALYSIS = YES;
				CLANG_WARN_STRICT_PROTOTYPES = YES;
				CLANG_WARN_SUSPICIOUS_MOVE = YES;
				CLANG_WARN_UNGUARDED_AVAILABILITY = YES_AGGRESSIVE;
				CLANG_WARN_UNREACHABLE_CODE = YES;
				CLANG_WARN__DUPLICATE_METHOD_MATCH = YES;
				COPY_PHASE_STRIP = NO;
				DEBUG_INFORMATION_FORMAT = "dwarf-with-dsym";
				ENABLE_NS_ASSERTIONS = NO;
				ENABLE_STRICT_OBJC_MSGSEND = YES;
				GCC_C_LANGUAGE_STANDARD = gnu11;
				GCC_NO_COMMON_BLOCKS = YES;
				GCC_WARN_64_TO_32_BIT_CONVERSION = YES;
				GCC_WARN_ABOUT_RETURN_TYPE = YES_ERROR;
				GCC_WARN_UNDECLARED_SELECTOR = YES;
				GCC_WARN_UNINITIALIZED_AUTOS = YES_AGGRESSIVE;
				GCC_WARN_UNUSED_FUNCTION = YES;
				GCC_WARN_UNUSED_VARIABLE = YES;
				IPHONEOS_DEPLOYMENT_TARGET = 13.2;
				MTL_ENABLE_DEBUG_INFO = NO;
				MTL_FAST_MATH = YES;
				SDKROOT = iphoneos;
				SWIFT_COMPILATION_MODE = wholemodule;
				SWIFT_OPTIMIZATION_LEVEL = "-O";
				VALIDATE_PRODUCT = YES;
			};
			name = Release;
		};
		466E85C22451224F0009D35F /* Debug */ = {
			isa = XCBuildConfiguration;
			baseConfigurationReference = 5581AB07467DB1260A0B3907 /* Pods-MarketIosApp.debug.xcconfig */;
			buildSettings = {
				ASSETCATALOG_COMPILER_APPICON_NAME = AppIcon;
				CODE_SIGN_STYLE = Automatic;
				DEVELOPMENT_TEAM = T629SMJWJH;
				INFOPLIST_FILE = MarketIosApp/Info.plist;
				LD_RUNPATH_SEARCH_PATHS = (
					"$(inherited)",
					"@executable_path/Frameworks",
				);
				PRODUCT_BUNDLE_IDENTIFIER = com.market.MarketIosApp;
				PRODUCT_NAME = "$(TARGET_NAME)";
				SWIFT_VERSION = 5.0;
				TARGETED_DEVICE_FAMILY = "1,2";
			};
			name = Debug;
		};
		466E85C32451224F0009D35F /* Release */ = {
			isa = XCBuildConfiguration;
			baseConfigurationReference = A3783FE52470673562076707 /* Pods-MarketIosApp.release.xcconfig */;
			buildSettings = {
				ASSETCATALOG_COMPILER_APPICON_NAME = AppIcon;
				CODE_SIGN_STYLE = Automatic;
				DEVELOPMENT_TEAM = T629SMJWJH;
				INFOPLIST_FILE = MarketIosApp/Info.plist;
				LD_RUNPATH_SEARCH_PATHS = (
					"$(inherited)",
					"@executable_path/Frameworks",
				);
				PRODUCT_BUNDLE_IDENTIFIER = com.market.MarketIosApp;
				PRODUCT_NAME = "$(TARGET_NAME)";
				SWIFT_VERSION = 5.0;
				TARGETED_DEVICE_FAMILY = "1,2";
			};
			name = Release;
		};
		466E85C52451224F0009D35F /* Debug */ = {
			isa = XCBuildConfiguration;
			baseConfigurationReference = 2CEBCF7D74D90D98402B8CA8 /* Pods-MarketIosAppTests.debug.xcconfig */;
			buildSettings = {
				ALWAYS_EMBED_SWIFT_STANDARD_LIBRARIES = YES;
				BUNDLE_LOADER = "$(TEST_HOST)";
				CODE_SIGN_STYLE = Automatic;
				DEVELOPMENT_TEAM = T629SMJWJH;
				INFOPLIST_FILE = MarketIosAppTests/Info.plist;
				IPHONEOS_DEPLOYMENT_TARGET = 13.2;
				LD_RUNPATH_SEARCH_PATHS = (
					"$(inherited)",
					"@executable_path/Frameworks",
					"@loader_path/Frameworks",
				);
				PRODUCT_BUNDLE_IDENTIFIER = com.market.MarketIosAppTests;
				PRODUCT_NAME = "$(TARGET_NAME)";
				SWIFT_VERSION = 5.0;
				TARGETED_DEVICE_FAMILY = "1,2";
				TEST_HOST = "$(BUILT_PRODUCTS_DIR)/MarketIosApp.app/MarketIosApp";
			};
			name = Debug;
		};
		466E85C62451224F0009D35F /* Release */ = {
			isa = XCBuildConfiguration;
			baseConfigurationReference = 5A383FE7BD9EE1A75181BF7F /* Pods-MarketIosAppTests.release.xcconfig */;
			buildSettings = {
				ALWAYS_EMBED_SWIFT_STANDARD_LIBRARIES = YES;
				BUNDLE_LOADER = "$(TEST_HOST)";
				CODE_SIGN_STYLE = Automatic;
				DEVELOPMENT_TEAM = T629SMJWJH;
				INFOPLIST_FILE = MarketIosAppTests/Info.plist;
				IPHONEOS_DEPLOYMENT_TARGET = 13.2;
				LD_RUNPATH_SEARCH_PATHS = (
					"$(inherited)",
					"@executable_path/Frameworks",
					"@loader_path/Frameworks",
				);
				PRODUCT_BUNDLE_IDENTIFIER = com.market.MarketIosAppTests;
				PRODUCT_NAME = "$(TARGET_NAME)";
				SWIFT_VERSION = 5.0;
				TARGETED_DEVICE_FAMILY = "1,2";
				TEST_HOST = "$(BUILT_PRODUCTS_DIR)/MarketIosApp.app/MarketIosApp";
			};
			name = Release;
		};
		466E85C82451224F0009D35F /* Debug */ = {
			isa = XCBuildConfiguration;
			baseConfigurationReference = 7EBF0EF2862F6F20911DA850 /* Pods-MarketIosApp-MarketIosAppUITests.debug.xcconfig */;
			buildSettings = {
				ALWAYS_EMBED_SWIFT_STANDARD_LIBRARIES = YES;
				CODE_SIGN_STYLE = Automatic;
				DEVELOPMENT_TEAM = T629SMJWJH;
				INFOPLIST_FILE = MarketIosAppUITests/Info.plist;
				LD_RUNPATH_SEARCH_PATHS = (
					"$(inherited)",
					"@executable_path/Frameworks",
					"@loader_path/Frameworks",
				);
				PRODUCT_BUNDLE_IDENTIFIER = com.market.MarketIosAppUITests;
				PRODUCT_NAME = "$(TARGET_NAME)";
				SWIFT_VERSION = 5.0;
				TARGETED_DEVICE_FAMILY = "1,2";
				TEST_TARGET_NAME = MarketIosApp;
			};
			name = Debug;
		};
		466E85C92451224F0009D35F /* Release */ = {
			isa = XCBuildConfiguration;
			baseConfigurationReference = AE8E52DE5B09EE80902E7765 /* Pods-MarketIosApp-MarketIosAppUITests.release.xcconfig */;
			buildSettings = {
				ALWAYS_EMBED_SWIFT_STANDARD_LIBRARIES = YES;
				CODE_SIGN_STYLE = Automatic;
				DEVELOPMENT_TEAM = T629SMJWJH;
				INFOPLIST_FILE = MarketIosAppUITests/Info.plist;
				LD_RUNPATH_SEARCH_PATHS = (
					"$(inherited)",
					"@executable_path/Frameworks",
					"@loader_path/Frameworks",
				);
				PRODUCT_BUNDLE_IDENTIFIER = com.market.MarketIosAppUITests;
				PRODUCT_NAME = "$(TARGET_NAME)";
				SWIFT_VERSION = 5.0;
				TARGETED_DEVICE_FAMILY = "1,2";
				TEST_TARGET_NAME = MarketIosApp;
			};
			name = Release;
		};
/* End XCBuildConfiguration section */

/* Begin XCConfigurationList section */
		466E85922451224E0009D35F /* Build configuration list for PBXProject "MarketIosApp" */ = {
			isa = XCConfigurationList;
			buildConfigurations = (
				466E85BF2451224F0009D35F /* Debug */,
				466E85C02451224F0009D35F /* Release */,
			);
			defaultConfigurationIsVisible = 0;
			defaultConfigurationName = Release;
		};
		466E85C12451224F0009D35F /* Build configuration list for PBXNativeTarget "MarketIosApp" */ = {
			isa = XCConfigurationList;
			buildConfigurations = (
				466E85C22451224F0009D35F /* Debug */,
				466E85C32451224F0009D35F /* Release */,
			);
			defaultConfigurationIsVisible = 0;
			defaultConfigurationName = Release;
		};
		466E85C42451224F0009D35F /* Build configuration list for PBXNativeTarget "MarketIosAppTests" */ = {
			isa = XCConfigurationList;
			buildConfigurations = (
				466E85C52451224F0009D35F /* Debug */,
				466E85C62451224F0009D35F /* Release */,
			);
			defaultConfigurationIsVisible = 0;
			defaultConfigurationName = Release;
		};
		466E85C72451224F0009D35F /* Build configuration list for PBXNativeTarget "MarketIosAppUITests" */ = {
			isa = XCConfigurationList;
			buildConfigurations = (
				466E85C82451224F0009D35F /* Debug */,
				466E85C92451224F0009D35F /* Release */,
			);
			defaultConfigurationIsVisible = 0;
			defaultConfigurationName = Release;
		};
/* End XCConfigurationList section */
	};
	rootObject = 466E858F2451224E0009D35F /* Project object */;
}
